
Microsoft Visual Studio Solution File, Format Version 12.00
# Visual Studio 15
VisualStudioVersion = 15.0.27703.2026
MinimumVisualStudioVersion = 10.0.40219.1
Project("{FAE04EC0-301F-11D3-BF4B-00C04F79EFBC}") = "hungpage2018", "hungpage2018\hungpage2018.csproj", "{5FCDBD3C-01A4-4A3A-A2C9-7D3DF6C6342A}"
EndProject
Global
	GlobalSection(SolutionConfigurationPlatforms) = preSolution
		Debug|Any CPU = Debug|Any CPU
		Release|Any CPU = Release|Any CPU
	EndGlobalSection
	GlobalSection(ProjectConfigurationPlatforms) = postSolution
		{5FCDBD3C-01A4-4A3A-A2C9-7D3DF6C6342A}.Debug|Any CPU.ActiveCfg = Debug|Any CPU
		{5FCDBD3C-01A4-4A3A-A2C9-7D3DF6C6342A}.Debug|Any CPU.Build.0 = Debug|Any CPU
		{5FCDBD3C-01A4-4A3A-A2C9-7D3DF6C6342A}.Release|Any CPU.ActiveCfg = Release|Any CPU
		{5FCDBD3C-01A4-4A3A-A2C9-7D3DF6C6342A}.Release|Any CPU.Build.0 = Release|Any CPU
	EndGlobalSection
	GlobalSection(SolutionProperties) = preSolution
		HideSolutionNode = FALSE
	EndGlobalSection
	GlobalSection(ExtensibilityGlobals) = postSolution
		SolutionGuid = {33A6A28A-16C3-4693-9BE1-6DB76EBB54C3}
	EndGlobalSection
EndGlobal
